
Microsoft Visual Studio Solution File, Format Version 12.00
# Visual Studio Version 17
VisualStudioVersion = 17.5.33516.290
MinimumVisualStudioVersion = 10.0.40219.1
Project("{FAE04EC0-301F-11D3-BF4B-00C04F79EFBC}") = "CollabAPIMEP_2023", "CollabAPIMEP_2023.csproj", "{73DA9F1D-694E-4F04-8D5A-8F1094D8EAFB}"
EndProject
Project("{D954291E-2A0B-460D-934E-DC6B0785DB48}") = "SharedProjectTest", "..\SharedProjectTest\SharedProjectTest.shproj", "{68F2D292-162D-4CE1-B6BF-6D0141ECBAFE}"
EndProject
Project("{FAE04EC0-301F-11D3-BF4B-00C04F79EFBC}") = "CollabAPIMEP_2022", "..\CollabAPIMEP_2022\CollabAPIMEP_2022.csproj", "{6DB7F416-DE61-4255-B7ED-DF9268BE48FF}"
EndProject
Global
	GlobalSection(SolutionConfigurationPlatforms) = preSolution
		Debug|Any CPU = Debug|Any CPU
		Release|Any CPU = Release|Any CPU
	EndGlobalSection
	GlobalSection(ProjectConfigurationPlatforms) = postSolution
		{73DA9F1D-694E-4F04-8D5A-8F1094D8EAFB}.Debug|Any CPU.ActiveCfg = Debug|Any CPU
		{73DA9F1D-694E-4F04-8D5A-8F1094D8EAFB}.Debug|Any CPU.Build.0 = Debug|Any CPU
		{73DA9F1D-694E-4F04-8D5A-8F1094D8EAFB}.Release|Any CPU.ActiveCfg = Release|Any CPU
		{73DA9F1D-694E-4F04-8D5A-8F1094D8EAFB}.Release|Any CPU.Build.0 = Release|Any CPU
		{6DB7F416-DE61-4255-B7ED-DF9268BE48FF}.Debug|Any CPU.ActiveCfg = Debug|Any CPU
		{6DB7F416-DE61-4255-B7ED-DF9268BE48FF}.Debug|Any CPU.Build.0 = Debug|Any CPU
		{6DB7F416-DE61-4255-B7ED-DF9268BE48FF}.Release|Any CPU.ActiveCfg = Release|Any CPU
		{6DB7F416-DE61-4255-B7ED-DF9268BE48FF}.Release|Any CPU.Build.0 = Release|Any CPU
	EndGlobalSection
	GlobalSection(SolutionProperties) = preSolution
		HideSolutionNode = FALSE
	EndGlobalSection
	GlobalSection(ExtensibilityGlobals) = postSolution
		SolutionGuid = {43115C2C-2D06-41F4-B238-054887AC522C}
	EndGlobalSection
	GlobalSection(SharedMSBuildProjectFiles) = preSolution
		..\SharedProjectTest\SharedProjectTest.projitems*{68f2d292-162d-4ce1-b6bf-6d0141ecbafe}*SharedItemsImports = 13
		..\SharedProjectTest\SharedProjectTest.projitems*{73da9f1d-694e-4f04-8d5a-8f1094d8eafb}*SharedItemsImports = 4
	EndGlobalSection
EndGlobal
